
Microsoft Visual Studio Solution File, Format Version 12.00
# Visual Studio Version 17
VisualStudioVersion = 17.6.33829.357
MinimumVisualStudioVersion = 10.0.40219.1
Project("{FAE04EC0-301F-11D3-BF4B-00C04F79EFBC}") = "VelocityVehicles", "VelocityVehicles\VelocityVehicles.csproj", "{6A22E5D4-2EF8-483E-836B-230D14320B50}"
EndProject
Global
	GlobalSection(SolutionConfigurationPlatforms) = preSolution
		Debug|Any CPU = Debug|Any CPU
		Release|Any CPU = Release|Any CPU
	EndGlobalSection
	GlobalSection(ProjectConfigurationPlatforms) = postSolution
		{6A22E5D4-2EF8-483E-836B-230D14320B50}.Debug|Any CPU.ActiveCfg = Debug|Any CPU
		{6A22E5D4-2EF8-483E-836B-230D14320B50}.Debug|Any CPU.Build.0 = Debug|Any CPU
		{6A22E5D4-2EF8-483E-836B-230D14320B50}.Release|Any CPU.ActiveCfg = Release|Any CPU
		{6A22E5D4-2EF8-483E-836B-230D14320B50}.Release|Any CPU.Build.0 = Release|Any CPU
	EndGlobalSection
	GlobalSection(SolutionProperties) = preSolution
		HideSolutionNode = FALSE
	EndGlobalSection
	GlobalSection(ExtensibilityGlobals) = postSolution
		SolutionGuid = {3F1C6EC8-1243-4A4C-B120-463BCEBD5433}
	EndGlobalSection
EndGlobal
